
Microsoft Visual Studio Solution File, Format Version 12.00
# Visual Studio Version 17
VisualStudioVersion = 17.9.34723.18
MinimumVisualStudioVersion = 10.0.40219.1
Project("{9A19103F-16F7-4668-BE54-9A1E7A4F7556}") = "Solamirare", "Solamirare\Solamirare.csproj", "{1082B8D7-188E-4882-9873-37DBC70A296F}"
EndProject
Project("{FAE04EC0-301F-11D3-BF4B-00C04F79EFBC}") = "Samples", "Samples\Samples.csproj", "{8122C117-9A34-4F6B-898D-75144AA03182}"
EndProject
Global
	GlobalSection(SolutionConfigurationPlatforms) = preSolution
		Debug|Any CPU = Debug|Any CPU
		Debug|x64 = Debug|x64
		Debug|x86 = Debug|x86
		Release|Any CPU = Release|Any CPU
		Release|x64 = Release|x64
		Release|x86 = Release|x86
	EndGlobalSection
	GlobalSection(ProjectConfigurationPlatforms) = postSolution
		{1082B8D7-188E-4882-9873-37DBC70A296F}.Debug|Any CPU.ActiveCfg = Debug|Any CPU
		{1082B8D7-188E-4882-9873-37DBC70A296F}.Debug|Any CPU.Build.0 = Debug|Any CPU
		{1082B8D7-188E-4882-9873-37DBC70A296F}.Debug|x64.ActiveCfg = Debug|Any CPU
		{1082B8D7-188E-4882-9873-37DBC70A296F}.Debug|x64.Build.0 = Debug|Any CPU
		{1082B8D7-188E-4882-9873-37DBC70A296F}.Debug|x86.ActiveCfg = Debug|Any CPU
		{1082B8D7-188E-4882-9873-37DBC70A296F}.Debug|x86.Build.0 = Debug|Any CPU
		{1082B8D7-188E-4882-9873-37DBC70A296F}.Release|Any CPU.ActiveCfg = Release|Any CPU
		{1082B8D7-188E-4882-9873-37DBC70A296F}.Release|Any CPU.Build.0 = Release|Any CPU
		{1082B8D7-188E-4882-9873-37DBC70A296F}.Release|x64.ActiveCfg = Release|Any CPU
		{1082B8D7-188E-4882-9873-37DBC70A296F}.Release|x64.Build.0 = Release|Any CPU
		{1082B8D7-188E-4882-9873-37DBC70A296F}.Release|x86.ActiveCfg = Release|Any CPU
		{1082B8D7-188E-4882-9873-37DBC70A296F}.Release|x86.Build.0 = Release|Any CPU
		{8122C117-9A34-4F6B-898D-75144AA03182}.Debug|Any CPU.ActiveCfg = Debug|Any CPU
		{8122C117-9A34-4F6B-898D-75144AA03182}.Debug|Any CPU.Build.0 = Debug|Any CPU
		{8122C117-9A34-4F6B-898D-75144AA03182}.Debug|x64.ActiveCfg = Debug|Any CPU
		{8122C117-9A34-4F6B-898D-75144AA03182}.Debug|x64.Build.0 = Debug|Any CPU
		{8122C117-9A34-4F6B-898D-75144AA03182}.Debug|x86.ActiveCfg = Debug|Any CPU
		{8122C117-9A34-4F6B-898D-75144AA03182}.Debug|x86.Build.0 = Debug|Any CPU
		{8122C117-9A34-4F6B-898D-75144AA03182}.Release|Any CPU.ActiveCfg = Release|Any CPU
		{8122C117-9A34-4F6B-898D-75144AA03182}.Release|Any CPU.Build.0 = Release|Any CPU
		{8122C117-9A34-4F6B-898D-75144AA03182}.Release|x64.ActiveCfg = Release|Any CPU
		{8122C117-9A34-4F6B-898D-75144AA03182}.Release|x64.Build.0 = Release|Any CPU
		{8122C117-9A34-4F6B-898D-75144AA03182}.Release|x86.ActiveCfg = Release|Any CPU
		{8122C117-9A34-4F6B-898D-75144AA03182}.Release|x86.Build.0 = Release|Any CPU
	EndGlobalSection
	GlobalSection(SolutionProperties) = preSolution
		HideSolutionNode = FALSE
	EndGlobalSection
	GlobalSection(ExtensibilityGlobals) = postSolution
		SolutionGuid = {B40C4F57-700D-4BD5-9337-183D6B542090}
	EndGlobalSection
EndGlobal
